
Microsoft Visual Studio Solution File, Format Version 12.00
# Visual Studio Version 17
VisualStudioVersion = 17.9.34723.18
MinimumVisualStudioVersion = 10.0.40219.1
Project("{FAE04EC0-301F-11D3-BF4B-00C04F79EFBC}") = "AvaloniaMultiplatform", "AvaloniaMultiplatform\AvaloniaMultiplatform.csproj", "{1C29BE87-0A4A-4388-B85D-D0AB5A93B687}"
EndProject
Project("{FAE04EC0-301F-11D3-BF4B-00C04F79EFBC}") = "AvaloniaMultiplatform.Android", "AvaloniaMultiplatform.Android\AvaloniaMultiplatform.Android.csproj", "{6D1DC411-F2B1-494E-B3B8-A8DDCF79617A}"
EndProject
Project("{FAE04EC0-301F-11D3-BF4B-00C04F79EFBC}") = "AvaloniaMultiplatform.Desktop", "AvaloniaMultiplatform.Desktop\AvaloniaMultiplatform.Desktop.csproj", "{A2DACA54-FBF7-452C-B2D4-82853C9D10AF}"
EndProject
Project("{FAE04EC0-301F-11D3-BF4B-00C04F79EFBC}") = "AvaloniaMultiplatform.iOS", "AvaloniaMultiplatform.iOS\AvaloniaMultiplatform.iOS.csproj", "{38EE3607-FC01-4957-8307-EDA8232F7389}"
EndProject
Project("{FAE04EC0-301F-11D3-BF4B-00C04F79EFBC}") = "AvaloniaMultiplatform.Browser", "AvaloniaMultiplatform.Browser\AvaloniaMultiplatform.Browser.csproj", "{D7EA6713-14DB-4FD8-805D-6F336FB6DBE7}"
EndProject
Global
	GlobalSection(SolutionConfigurationPlatforms) = preSolution
		Debug|Any CPU = Debug|Any CPU
		Release|Any CPU = Release|Any CPU
	EndGlobalSection
	GlobalSection(ProjectConfigurationPlatforms) = postSolution
		{1C29BE87-0A4A-4388-B85D-D0AB5A93B687}.Debug|Any CPU.ActiveCfg = Debug|Any CPU
		{1C29BE87-0A4A-4388-B85D-D0AB5A93B687}.Debug|Any CPU.Build.0 = Debug|Any CPU
		{1C29BE87-0A4A-4388-B85D-D0AB5A93B687}.Release|Any CPU.ActiveCfg = Release|Any CPU
		{1C29BE87-0A4A-4388-B85D-D0AB5A93B687}.Release|Any CPU.Build.0 = Release|Any CPU
		{6D1DC411-F2B1-494E-B3B8-A8DDCF79617A}.Debug|Any CPU.ActiveCfg = Debug|Any CPU
		{6D1DC411-F2B1-494E-B3B8-A8DDCF79617A}.Debug|Any CPU.Build.0 = Debug|Any CPU
		{6D1DC411-F2B1-494E-B3B8-A8DDCF79617A}.Release|Any CPU.ActiveCfg = Release|Any CPU
		{6D1DC411-F2B1-494E-B3B8-A8DDCF79617A}.Release|Any CPU.Build.0 = Release|Any CPU
		{A2DACA54-FBF7-452C-B2D4-82853C9D10AF}.Debug|Any CPU.ActiveCfg = Debug|Any CPU
		{A2DACA54-FBF7-452C-B2D4-82853C9D10AF}.Debug|Any CPU.Build.0 = Debug|Any CPU
		{A2DACA54-FBF7-452C-B2D4-82853C9D10AF}.Release|Any CPU.ActiveCfg = Release|Any CPU
		{A2DACA54-FBF7-452C-B2D4-82853C9D10AF}.Release|Any CPU.Build.0 = Release|Any CPU
		{38EE3607-FC01-4957-8307-EDA8232F7389}.Debug|Any CPU.ActiveCfg = Debug|Any CPU
		{38EE3607-FC01-4957-8307-EDA8232F7389}.Debug|Any CPU.Build.0 = Debug|Any CPU
		{38EE3607-FC01-4957-8307-EDA8232F7389}.Release|Any CPU.ActiveCfg = Release|Any CPU
		{38EE3607-FC01-4957-8307-EDA8232F7389}.Release|Any CPU.Build.0 = Release|Any CPU
		{D7EA6713-14DB-4FD8-805D-6F336FB6DBE7}.Debug|Any CPU.ActiveCfg = Debug|Any CPU
		{D7EA6713-14DB-4FD8-805D-6F336FB6DBE7}.Debug|Any CPU.Build.0 = Debug|Any CPU
		{D7EA6713-14DB-4FD8-805D-6F336FB6DBE7}.Release|Any CPU.ActiveCfg = Release|Any CPU
		{D7EA6713-14DB-4FD8-805D-6F336FB6DBE7}.Release|Any CPU.Build.0 = Release|Any CPU
	EndGlobalSection
	GlobalSection(SolutionProperties) = preSolution
		HideSolutionNode = FALSE
	EndGlobalSection
	GlobalSection(ExtensibilityGlobals) = postSolution
		SolutionGuid = {CDF378C6-CB2A-4879-A2CA-352767AB3756}
	EndGlobalSection
EndGlobal
